
Microsoft Visual Studio Solution File, Format Version 12.00
# Visual Studio Version 17
VisualStudioVersion = 17.5.33516.290
MinimumVisualStudioVersion = 10.0.40219.1
Project("{9A19103F-16F7-4668-BE54-9A1E7A4F7556}") = "CascadeEventFramework", "CascadeEventFramework.csproj", "{1F965ACA-09C9-4810-8C78-AB5444A93413}"
EndProject
Global
	GlobalSection(SolutionConfigurationPlatforms) = preSolution
		Debug|Any CPU = Debug|Any CPU
		Release|Any CPU = Release|Any CPU
	EndGlobalSection
	GlobalSection(ProjectConfigurationPlatforms) = postSolution
		{1F965ACA-09C9-4810-8C78-AB5444A93413}.Debug|Any CPU.ActiveCfg = Debug|Any CPU
		{1F965ACA-09C9-4810-8C78-AB5444A93413}.Debug|Any CPU.Build.0 = Debug|Any CPU
		{1F965ACA-09C9-4810-8C78-AB5444A93413}.Release|Any CPU.ActiveCfg = Release|Any CPU
		{1F965ACA-09C9-4810-8C78-AB5444A93413}.Release|Any CPU.Build.0 = Release|Any CPU
	EndGlobalSection
	GlobalSection(SolutionProperties) = preSolution
		HideSolutionNode = FALSE
	EndGlobalSection
	GlobalSection(ExtensibilityGlobals) = postSolution
		SolutionGuid = {FACAA61F-4C4A-409B-9832-B49BE7129709}
	EndGlobalSection
EndGlobal
